<Solution>
  <Folder Name="/src/">
    <Project Path="src/BigWalkReplay.ManifestGen/BigWalkReplay.ManifestGen.csproj" />
    <Project Path="src/BigWalkReplay.Recorder/BigWalkReplay.Recorder.csproj" />
    <Project Path="src/GameAccess/GameAccess.csproj" />
    <Project Path="src/Replay.Format/Replay.Format.csproj" />
  </Folder>
</Solution>
